{
  "version": 4,
  "terraform_version": "1.14.3",
  "serial": 9,
  "lineage": "0bbb34ba-cf3e-27d1-475e-380bf75b88c1",
  "outputs": {
    "ansible_inventory_entry": {
      "value": "control_plane:\n  hosts:\n    control-plane:\n      ansible_host: 192.168.10.99\n      ansible_user: root\n",
      "type": "string"
    },
    "control_plane_hostname": {
      "value": "control-plane",
      "type": "string"
    },
    "control_plane_id": {
      "value": 100,
      "type": "number"
    },
    "control_plane_ip": {
      "value": "192.168.10.99",
      "type": "string"
    },
    "ssh_command": {
      "value": "ssh root@192.168.10.99",
      "type": "string"
    }
  },
  "resources": [
    {
      "mode": "managed",
      "type": "null_resource",
      "name": "wait_for_ssh",
      "provider": "provider[\"registry.terraform.io/hashicorp/null\"]",
      "instances": [
        {
          "status": "tainted",
          "schema_version": 0,
          "attributes": {
            "id": "2229989596631553320",
            "triggers": null
          },
          "sensitive_attributes": [],
          "identity_schema_version": 0,
          "dependencies": [
            "proxmox_lxc.control_plane"
          ]
        }
      ]
    },
    {
      "mode": "managed",
      "type": "proxmox_lxc",
      "name": "control_plane",
      "provider": "provider[\"registry.terraform.io/telmate/proxmox\"]",
      "instances": [
        {
          "schema_version": 0,
          "attributes": {
            "arch": "amd64",
            "bwlimit": 0,
            "clone": null,
            "clone_storage": null,
            "cmode": "tty",
            "console": true,
            "cores": 2,
            "cpulimit": 0,
            "cpuunits": 1024,
            "description": "",
            "features": [],
            "force": false,
            "full": null,
            "hagroup": "",
            "hastate": "",
            "hookscript": "",
            "hostname": "control-plane",
            "id": "pve-main/lxc/100",
            "ignore_unpack_errors": false,
            "lock": "",
            "memory": 2048,
            "mountpoint": [],
            "nameserver": "1.1.1.1",
            "network": [
              {
                "bridge": "vmbr0",
                "firewall": false,
                "gw": "192.168.10.1",
                "gw6": "",
                "hwaddr": "BC:24:11:37:78:26",
                "ip": "192.168.10.99/24",
                "ip6": "",
                "mtu": 0,
                "name": "eth0",
                "rate": 0,
                "tag": 10,
                "trunks": "",
                "type": "veth"
              }
            ],
            "onboot": true,
            "ostemplate": "local:vztmpl/ubuntu-24.04-standard_24.04-2_amd64.tar.zst",
            "ostype": "ubuntu",
            "password": "your-secure-password-here",
            "pool": null,
            "protection": false,
            "restore": false,
            "rootfs": [
              {
                "acl": false,
                "quota": false,
                "replicate": false,
                "ro": false,
                "shared": false,
                "size": "20G",
                "storage": "local-lvm",
                "volume": "local-lvm:vm-100-disk-0"
              }
            ],
            "searchdomain": "",
            "ssh_public_keys": "ssh-rsa AAAAB3NzaC1yc2EAAAADAQABAAABgQCouRsnZwzAf/MQGTeopeu770tbNQDRK5bmkJw8IghKe3aqxSSjiYZunv28y64lc98HkRPrQM1FIcxrrmXllRtY6EQsfEVEoRpHrT+SoOdl8P/NNSrr7VtXUUQXDRal+zNh1xi+kAb90egBf7JWugBFwn4aHDhDbBGcpyC1bzkgYoOYj5iZoWOfISV2gQ4PJe8KSJa3NjmonBIFd+bC3FKCw2oJfs40/PyIVc6qLcVwjYzG86p+coKZ2aHfU8AxuwqYGqrTLrfxvgwH3p7a9oPZt26Fsqijh3kWiGtwHKJzd/am9Gfy6Wn13gcAlgIWs/yaCpK8Gu4mws8hAU5pfhucI0nY2IDZLKrjDBkWCi513XoQxa0sUZeGmD/O14bIzoMx2rM5HDKLbsvNNbs1WtDMZAWtszxlow78n5cwupfZjtXtCSyk4pKxQXKTn2Vl5XhDo/OYKrScIMJxjbfTUOyWrFIP0xpY0wWUCcOsP8K83l60SDP3e6++RZFfew5FmsU= sornor@litel\n\nssh-rsa AAAAB3NzaC1yc2EAAAADAQABAAACAQCVei6HmzZCM2DKTvSXS07u+uk27Agwm7znb6BNtLRhWn/YYAzKA4RvPIPve62sM4wvT4pZjwC9b5J6BPkgxB3m6PdyjZ6aTf4psgLwBC2KSDGIw96o026WTydTq3okvA6PqzEvwK0/XZc6gduYNB7A50t47k4p5tMp45nSoqREK+saoins9uU1bXgLsm3TcQc5O2HccPKF9Z29wxt5B7kmTn451hpFfWjG+/oOmqY1GVDrNSKJ7hBT7DzOFeNfz2Ue2sLGUTymr5ha/M6RvftnVtsnJMRsO9leXxFbtqlKRc4l4mEQzLAHSl6ENA/oLMrzCxBGF+BlIDLehEHGWnpDvq7HDmDUFsBq0Ew6lRDb3q2lZKIwA16iOpWbFkkQpZoSFfA+q1nCkFXU4Ufk2HmRKGMKEP37xoZdnri2qznvtDl9RetffKaUL/rMRnvBQ1bnJTM70kLzcDC4zggYE6v0+PcD+YH2n+l2zqfARwTbOQtnLP/z+aHEPrGYNlqGbgn8RQaYKMMcPW2b2xVNe0ZxsU3lSfjFu8EdazcCrT9KkmozsX3urbJ9QybUqBIrPOxqXel88i/qGedPsez5IZF9e5NHMNAfsrh98b803ulUmxDXiX5uBmfvYPx/K3oezBREQj/2e6fkIM8GgrPfIbQSawZ1bT4Xt3/WY552iyrOOQ== root@pve-main\n",
            "start": true,
            "startup": "",
            "swap": 512,
            "tags": "control-plane;iac;terraform",
            "target_node": "pve-main",
            "template": false,
            "timeouts": null,
            "tty": 2,
            "unique": false,
            "unprivileged": true,
            "unused": [],
            "vmid": 100
          },
          "sensitive_attributes": [
            [
              {
                "type": "get_attr",
                "value": "password"
              }
            ]
          ],
          "identity_schema_version": 0,
          "private": "eyJlMmJmYjczMC1lY2FhLTExZTYtOGY4OC0zNDM2M2JjN2M0YzAiOnsiY3JlYXRlIjoxMjAwMDAwMDAwMDAwLCJkZWZhdWx0IjoxMjAwMDAwMDAwMDAwLCJkZWxldGUiOjEyMDAwMDAwMDAwMDAsInJlYWQiOjEyMDAwMDAwMDAwMDAsInVwZGF0ZSI6MTIwMDAwMDAwMDAwMH19"
        }
      ]
    }
  ],
  "check_results": null
}
